
Microsoft Visual Studio Solution File, Format Version 12.00
# Visual Studio 14
VisualStudioVersion = 14.0.25420.1
MinimumVisualStudioVersion = 10.0.40219.1
Project("{2150E333-8FDC-42A3-9474-1A3956D46DE8}") = "src", "src", "{97AEF147-1F96-4153-AC13-8F98E85F65A9}"
EndProject
Project("{2150E333-8FDC-42A3-9474-1A3956D46DE8}") = "Solution Items", "Solution Items", "{0C181D79-F8FF-4043-863F-B113C99FE7B0}"
	ProjectSection(SolutionItems) = preProject
		global.json = global.json
	EndProjectSection
EndProject
Project("{8BB2217D-0F2D-49D1-97BC-3654ED321F3B}") = "Project2", "src\Project2\Project2.xproj", "{C78FCEDF-9A53-4EDA-AC96-F539EF14AEDB}"
EndProject
Global
	GlobalSection(SolutionConfigurationPlatforms) = preSolution
		Debug|Any CPU = Debug|Any CPU
		Release|Any CPU = Release|Any CPU
	EndGlobalSection
	GlobalSection(ProjectConfigurationPlatforms) = postSolution
		{C78FCEDF-9A53-4EDA-AC96-F539EF14AEDB}.Debug|Any CPU.ActiveCfg = Debug|Any CPU
		{C78FCEDF-9A53-4EDA-AC96-F539EF14AEDB}.Debug|Any CPU.Build.0 = Debug|Any CPU
		{C78FCEDF-9A53-4EDA-AC96-F539EF14AEDB}.Release|Any CPU.ActiveCfg = Release|Any CPU
		{C78FCEDF-9A53-4EDA-AC96-F539EF14AEDB}.Release|Any CPU.Build.0 = Release|Any CPU
	EndGlobalSection
	GlobalSection(SolutionProperties) = preSolution
		HideSolutionNode = FALSE
	EndGlobalSection
	GlobalSection(NestedProjects) = preSolution
		{C78FCEDF-9A53-4EDA-AC96-F539EF14AEDB} = {97AEF147-1F96-4153-AC13-8F98E85F65A9}
	EndGlobalSection
EndGlobal
