
Microsoft Visual Studio Solution File, Format Version 12.00
# Visual Studio 14
VisualStudioVersion = 14.0.25420.1
MinimumVisualStudioVersion = 10.0.40219.1
Project("{2150E333-8FDC-42A3-9474-1A3956D46DE8}") = "src", "src", "{FA91C7A6-5F18-478E-B814-73E3373CCA7D}"
EndProject
Project("{2150E333-8FDC-42A3-9474-1A3956D46DE8}") = "Solution Items", "Solution Items", "{6693EE10-EE8C-48C9-8CF8-19A67FBC6053}"
	ProjectSection(SolutionItems) = preProject
		global.json = global.json
	EndProjectSection
EndProject
Project("{8BB2217D-0F2D-49D1-97BC-3654ED321F3B}") = "Project2", "src\Project2\Project2.xproj", "{2564CD5A-9D6A-467D-87ED-988D29909BD2}"
EndProject
Global
	GlobalSection(SolutionConfigurationPlatforms) = preSolution
		Debug|Any CPU = Debug|Any CPU
		Release|Any CPU = Release|Any CPU
	EndGlobalSection
	GlobalSection(ProjectConfigurationPlatforms) = postSolution
		{2564CD5A-9D6A-467D-87ED-988D29909BD2}.Debug|Any CPU.ActiveCfg = Debug|Any CPU
		{2564CD5A-9D6A-467D-87ED-988D29909BD2}.Debug|Any CPU.Build.0 = Debug|Any CPU
		{2564CD5A-9D6A-467D-87ED-988D29909BD2}.Release|Any CPU.ActiveCfg = Release|Any CPU
		{2564CD5A-9D6A-467D-87ED-988D29909BD2}.Release|Any CPU.Build.0 = Release|Any CPU
	EndGlobalSection
	GlobalSection(SolutionProperties) = preSolution
		HideSolutionNode = FALSE
	EndGlobalSection
	GlobalSection(NestedProjects) = preSolution
		{2564CD5A-9D6A-467D-87ED-988D29909BD2} = {FA91C7A6-5F18-478E-B814-73E3373CCA7D}
	EndGlobalSection
EndGlobal
